// transLogicParcialSara.cpp : Este archivo contiene la función "main". La ejecución del programa comienza y termina ahí.
#include <iostream>
#include <limits>
using namespace std;
#include <string>

int main()
{
	int viajesRealizados, distancia, costoPorKM, conductores;
	string nombreConductor;
	cout << "Ingrese la cantidad de conductores (maximo 10): ";
	cin >> conductores;
	for (int i = 0; i < conductores; i++)
	{
		cout << "Ingrese el nombre del conductor: ";
		cin >> nombreConductor;
		cout << "Ingrese el numero de viajes realizados (maximo 10): ",
		cin >> viajesRealizados;
		cout << "Distancia (en KM): ";
		cin >> distancia;
	}


}

