
// transLogicParcialSara.cpp : Este archivo contiene la función "main". La ejecución del programa comienza y termina ahí.
#include <iostream>
#include <limits>
using namespace std;
#include <string>

int main()
{
	int viajesRealizados, distancia, costoPorKM, conductores;
	int i = 0;
	cout << "Ingrese la cantidad de conductores (maximo 10): ";
	cin >> conductores;
	for (i < conductores; i++;)
	{
		cout << "Ingrese el nombre del conductor: ";
		string nombreConductor;
		cin >> nombreConductor;
		cout << "Ingrese el numero de viajes realizados (maximo 10): ",
		cin >> viajesRealizados;
		cout << "Distancia (en KM): ";
	}


}
