// transLogicParcialSara.cpp : Este archivo contiene la función "main". La ejecución del programa comienza y termina ahí.
#include <iostream>
#include <limits>
using namespace std;
#include <string>

int main()
{
	int viajesRealizados, distancia, costoPorKM, conductores;
	int costoTotal;
	int mayorIngreso;
	string nombreConductor[10];
	int promDistancia[10];
	cout << "Ingrese la cantidad de conductores (maximo 10): ";
	cin >> conductores;

	if (conductores > 10)
	{
		cout << "Error.";
		return 0;
	}

	for (int i = 0; i < conductores; i++)
	{
		cout << "Ingrese el nombre del conductor: ";
		cin >> nombreConductor[i];
		cout << "--------------------------------------" << endl;
		cout << "Ingrese el numero de viajes realizados (maximo 10): ",
			cin >> viajesRealizados;

		if (viajesRealizados > 10)
		{
			cout << "Error.";
			return 0;
		}

		for (int v = 0; v < viajesRealizados; v++)
		{
			cout << "Ingrese el costo por KM: ";
			cin >> costoPorKM;
			mayorIngreso = costoPorKM;
			for (int k = 0; k < viajesRealizados; k++)
			{
				cout << "Distancia (en KM): ";
				cin >> distancia;
				promDistancia[i] = distancia / viajesRealizados;
			}
		}
	}
	cout << "--------------------------------------" << endl;
	cout << "== RESUMEN ==" << endl;

}




